{
  "name": "@reydo/devline",
  "version": "0.6.5",
  "lockfileVersion": 3,
  "requires": true,
  "packages": {
    "": {
      "name": "@reydo/devline",
      "version": "0.6.5",
      "license": "MIT",
      "bin": {
        "devline": "bin/devline",
        "dl": "bin/dl",
        "dl-benchmark": "bin/dl-benchmark",
        "dl-check": "bin/dl-check",
        "dl-explain": "bin/dl-explain",
        "dl-init": "bin/dl-init",
        "dl-install": "bin/dl-install.mjs",
        "dl-log": "bin/dl-log",
        "dl-test": "bin/dl-test",
        "dl-update": "bin/dl-update.mjs",
        "dl-workspace": "bin/dl-workspace"
      },
      "engines": {
        "node": ">=18.0.0"
      }
    }
  }
}
